
Microsoft Visual Studio Solution File, Format Version 12.00
# Visual Studio 15
VisualStudioVersion = 15.0.28307.757
MinimumVisualStudioVersion = 10.0.40219.1
Project("{FAE04EC0-301F-11D3-BF4B-00C04F79EFBC}") = "Gallery", "Gallery\Gallery.csproj", "{83252862-B77B-47C8-8B12-6A61740DC2F1}"
EndProject
Project("{FAE04EC0-301F-11D3-BF4B-00C04F79EFBC}") = "Mainpulator", "Mainpulator\Mainpulator.csproj", "{944C4DFB-2369-470D-AAC6-FBD4992F4EA2}"
EndProject
Global
	GlobalSection(SolutionConfigurationPlatforms) = preSolution
		Debug|Any CPU = Debug|Any CPU
		Release|Any CPU = Release|Any CPU
	EndGlobalSection
	GlobalSection(ProjectConfigurationPlatforms) = postSolution
		{83252862-B77B-47C8-8B12-6A61740DC2F1}.Debug|Any CPU.ActiveCfg = Debug|Any CPU
		{83252862-B77B-47C8-8B12-6A61740DC2F1}.Debug|Any CPU.Build.0 = Debug|Any CPU
		{83252862-B77B-47C8-8B12-6A61740DC2F1}.Release|Any CPU.ActiveCfg = Release|Any CPU
		{83252862-B77B-47C8-8B12-6A61740DC2F1}.Release|Any CPU.Build.0 = Release|Any CPU
		{944C4DFB-2369-470D-AAC6-FBD4992F4EA2}.Debug|Any CPU.ActiveCfg = Debug|Any CPU
		{944C4DFB-2369-470D-AAC6-FBD4992F4EA2}.Debug|Any CPU.Build.0 = Debug|Any CPU
		{944C4DFB-2369-470D-AAC6-FBD4992F4EA2}.Release|Any CPU.ActiveCfg = Release|Any CPU
		{944C4DFB-2369-470D-AAC6-FBD4992F4EA2}.Release|Any CPU.Build.0 = Release|Any CPU
	EndGlobalSection
	GlobalSection(SolutionProperties) = preSolution
		HideSolutionNode = FALSE
	EndGlobalSection
	GlobalSection(ExtensibilityGlobals) = postSolution
		SolutionGuid = {731BC1A8-28A2-4176-8B9B-F7640B2B7E6B}
	EndGlobalSection
EndGlobal
